// !$*UTF8*$!
{
	archiveVersion = 1;
	classes = {
	};
	objectVersion = 50;
	objects = {

/* Begin PBXBuildFile section */
		6B89CCEB21477E6E000A209D /* AppDelegate.swift in Sources */ = {isa = PBXBuildFile; fileRef = 6B89CCEA21477E6E000A209D /* AppDelegate.swift */; };
		6B89CCF021477E6E000A209D /* Main.storyboard in Resources */ = {isa = PBXBuildFile; fileRef = 6B89CCEE21477E6E000A209D /* Main.storyboard */; };
		6B89CCF221477E70000A209D /* Assets.xcassets in Resources */ = {isa = PBXBuildFile; fileRef = 6B89CCF121477E70000A209D /* Assets.xcassets */; };
		6B89CCF521477E70000A209D /* LaunchScreen.storyboard in Resources */ = {isa = PBXBuildFile; fileRef = 6B89CCF321477E70000A209D /* LaunchScreen.storyboard */; };
		6B89CCFD21477F0D000A209D /* MapKitList.swift in Sources */ = {isa = PBXBuildFile; fileRef = 6B89CCFC21477F0D000A209D /* MapKitList.swift */; };
		6BF37EF621489C38004CE233 /* RootViewController.swift in Sources */ = {isa = PBXBuildFile; fileRef = 6BF37EF521489C38004CE233 /* RootViewController.swift */; };
		6BF37EFA21489D7C004CE233 /* _01.swift in Sources */ = {isa = PBXBuildFile; fileRef = 6BF37EF921489D7C004CE233 /* _01.swift */; };
		6BF37EFC21489DC5004CE233 /* BaseViewController.swift in Sources */ = {isa = PBXBuildFile; fileRef = 6BF37EFB21489DC5004CE233 /* BaseViewController.swift */; };
		6BF37EFE21489FBB004CE233 /* _02.swift in Sources */ = {isa = PBXBuildFile; fileRef = 6BF37EFD21489FBB004CE233 /* _02.swift */; };
		6BF37F002148A0A5004CE233 /* _03.swift in Sources */ = {isa = PBXBuildFile; fileRef = 6BF37EFF2148A0A5004CE233 /* _03.swift */; };
		6BF37F022148A0AA004CE233 /* _04.swift in Sources */ = {isa = PBXBuildFile; fileRef = 6BF37F012148A0AA004CE233 /* _04.swift */; };
		6BF37F042148A0B5004CE233 /* _05.swift in Sources */ = {isa = PBXBuildFile; fileRef = 6BF37F032148A0B5004CE233 /* _05.swift */; };
		6BF37F062148A0BB004CE233 /* _06.swift in Sources */ = {isa = PBXBuildFile; fileRef = 6BF37F052148A0BB004CE233 /* _06.swift */; };
		6BF37F082148A0C2004CE233 /* _07.swift in Sources */ = {isa = PBXBuildFile; fileRef = 6BF37F072148A0C2004CE233 /* _07.swift */; };
		6BF37F0A2148A0CA004CE233 /* _08.swift in Sources */ = {isa = PBXBuildFile; fileRef = 6BF37F092148A0CA004CE233 /* _08.swift */; };
		6BF37F0C2148A0D9004CE233 /* _09.swift in Sources */ = {isa = PBXBuildFile; fileRef = 6BF37F0B2148A0D9004CE233 /* _09.swift */; };
		6BF37F0E2148A0E2004CE233 /* _10.swift in Sources */ = {isa = PBXBuildFile; fileRef = 6BF37F0D2148A0E2004CE233 /* _10.swift */; };
		6BF37F102148A0E7004CE233 /* _11.swift in Sources */ = {isa = PBXBuildFile; fileRef = 6BF37F0F2148A0E7004CE233 /* _11.swift */; };
		6BF37F122148A0ED004CE233 /* _12.swift in Sources */ = {isa = PBXBuildFile; fileRef = 6BF37F112148A0ED004CE233 /* _12.swift */; };
		6BF37F142148A0FA004CE233 /* _13.swift in Sources */ = {isa = PBXBuildFile; fileRef = 6BF37F132148A0FA004CE233 /* _13.swift */; };
		6BF37F162148A0FF004CE233 /* _14.swift in Sources */ = {isa = PBXBuildFile; fileRef = 6BF37F152148A0FF004CE233 /* _14.swift */; };
		6BF37F182148A104004CE233 /* _15.swift in Sources */ = {isa = PBXBuildFile; fileRef = 6BF37F172148A104004CE233 /* _15.swift */; };
		6BF37F1A2148A10B004CE233 /* _16.swift in Sources */ = {isa = PBXBuildFile; fileRef = 6BF37F192148A10B004CE233 /* _16.swift */; };
/* End PBXBuildFile section */

/* Begin PBXFileReference section */
		6B89CCE721477E6E000A209D /* MapKit handling.app */ = {isa = PBXFileReference; explicitFileType = wrapper.application; includeInIndex = 0; path = "MapKit handling.app"; sourceTree = BUILT_PRODUCTS_DIR; };
		6B89CCEA21477E6E000A209D /* AppDelegate.swift */ = {isa = PBXFileReference; lastKnownFileType = sourcecode.swift; path = AppDelegate.swift; sourceTree = "<group>"; };
		6B89CCEF21477E6E000A209D /* Base */ = {isa = PBXFileReference; lastKnownFileType = file.storyboard; name = Base; path = Base.lproj/Main.storyboard; sourceTree = "<group>"; };
		6B89CCF121477E70000A209D /* Assets.xcassets */ = {isa = PBXFileReference; lastKnownFileType = folder.assetcatalog; path = Assets.xcassets; sourceTree = "<group>"; };
		6B89CCF421477E70000A209D /* Base */ = {isa = PBXFileReference; lastKnownFileType = file.storyboard; name = Base; path = Base.lproj/LaunchScreen.storyboard; sourceTree = "<group>"; };
		6B89CCF621477E70000A209D /* Info.plist */ = {isa = PBXFileReference; lastKnownFileType = text.plist.xml; path = Info.plist; sourceTree = "<group>"; };
		6B89CCFC21477F0D000A209D /* MapKitList.swift */ = {isa = PBXFileReference; lastKnownFileType = sourcecode.swift; path = MapKitList.swift; sourceTree = "<group>"; };
		6BF37EF521489C38004CE233 /* RootViewController.swift */ = {isa = PBXFileReference; lastKnownFileType = sourcecode.swift; path = RootViewController.swift; sourceTree = "<group>"; };
		6BF37EF921489D7C004CE233 /* _01.swift */ = {isa = PBXFileReference; lastKnownFileType = sourcecode.swift; path = _01.swift; sourceTree = "<group>"; };
		6BF37EFB21489DC5004CE233 /* BaseViewController.swift */ = {isa = PBXFileReference; lastKnownFileType = sourcecode.swift; path = BaseViewController.swift; sourceTree = "<group>"; };
		6BF37EFD21489FBB004CE233 /* _02.swift */ = {isa = PBXFileReference; lastKnownFileType = sourcecode.swift; path = _02.swift; sourceTree = "<group>"; };
		6BF37EFF2148A0A5004CE233 /* _03.swift */ = {isa = PBXFileReference; lastKnownFileType = sourcecode.swift; path = _03.swift; sourceTree = "<group>"; };
		6BF37F012148A0AA004CE233 /* _04.swift */ = {isa = PBXFileReference; lastKnownFileType = sourcecode.swift; path = _04.swift; sourceTree = "<group>"; };
		6BF37F032148A0B5004CE233 /* _05.swift */ = {isa = PBXFileReference; lastKnownFileType = sourcecode.swift; path = _05.swift; sourceTree = "<group>"; };
		6BF37F052148A0BB004CE233 /* _06.swift */ = {isa = PBXFileReference; lastKnownFileType = sourcecode.swift; path = _06.swift; sourceTree = "<group>"; };
		6BF37F072148A0C2004CE233 /* _07.swift */ = {isa = PBXFileReference; lastKnownFileType = sourcecode.swift; path = _07.swift; sourceTree = "<group>"; };
		6BF37F092148A0CA004CE233 /* _08.swift */ = {isa = PBXFileReference; lastKnownFileType = sourcecode.swift; path = _08.swift; sourceTree = "<group>"; };
		6BF37F0B2148A0D9004CE233 /* _09.swift */ = {isa = PBXFileReference; lastKnownFileType = sourcecode.swift; path = _09.swift; sourceTree = "<group>"; };
		6BF37F0D2148A0E2004CE233 /* _10.swift */ = {isa = PBXFileReference; lastKnownFileType = sourcecode.swift; path = _10.swift; sourceTree = "<group>"; };
		6BF37F0F2148A0E7004CE233 /* _11.swift */ = {isa = PBXFileReference; lastKnownFileType = sourcecode.swift; path = _11.swift; sourceTree = "<group>"; };
		6BF37F112148A0ED004CE233 /* _12.swift */ = {isa = PBXFileReference; lastKnownFileType = sourcecode.swift; path = _12.swift; sourceTree = "<group>"; };
		6BF37F132148A0FA004CE233 /* _13.swift */ = {isa = PBXFileReference; lastKnownFileType = sourcecode.swift; path = _13.swift; sourceTree = "<group>"; };
		6BF37F152148A0FF004CE233 /* _14.swift */ = {isa = PBXFileReference; lastKnownFileType = sourcecode.swift; path = _14.swift; sourceTree = "<group>"; };
		6BF37F172148A104004CE233 /* _15.swift */ = {isa = PBXFileReference; lastKnownFileType = sourcecode.swift; path = _15.swift; sourceTree = "<group>"; };
		6BF37F192148A10B004CE233 /* _16.swift */ = {isa = PBXFileReference; lastKnownFileType = sourcecode.swift; path = _16.swift; sourceTree = "<group>"; };
/* End PBXFileReference section */

/* Begin PBXFrameworksBuildPhase section */
		6B89CCE421477E6E000A209D /* Frameworks */ = {
			isa = PBXFrameworksBuildPhase;
			buildActionMask = 2147483647;
			files = (
			);
			runOnlyForDeploymentPostprocessing = 0;
		};
/* End PBXFrameworksBuildPhase section */

/* Begin PBXGroup section */
		6B89CCDE21477E6E000A209D = {
			isa = PBXGroup;
			children = (
				6B89CCE921477E6E000A209D /* MapKit handling */,
				6B89CCE821477E6E000A209D /* Products */,
			);
			sourceTree = "<group>";
		};
		6B89CCE821477E6E000A209D /* Products */ = {
			isa = PBXGroup;
			children = (
				6B89CCE721477E6E000A209D /* MapKit handling.app */,
			);
			name = Products;
			sourceTree = "<group>";
		};
		6B89CCE921477E6E000A209D /* MapKit handling */ = {
			isa = PBXGroup;
			children = (
				6BF37EF721489CEC004CE233 /* Support */,
				6BF37EF821489CF1004CE233 /* ViewController */,
				6B89CCFC21477F0D000A209D /* MapKitList.swift */,
				6B89CCEA21477E6E000A209D /* AppDelegate.swift */,
				6BF37EF521489C38004CE233 /* RootViewController.swift */,
				6BF37EFB21489DC5004CE233 /* BaseViewController.swift */,
			);
			path = "MapKit handling";
			sourceTree = "<group>";
		};
		6BF37EF721489CEC004CE233 /* Support */ = {
			isa = PBXGroup;
			children = (
				6B89CCEE21477E6E000A209D /* Main.storyboard */,
				6B89CCF121477E70000A209D /* Assets.xcassets */,
				6B89CCF321477E70000A209D /* LaunchScreen.storyboard */,
				6B89CCF621477E70000A209D /* Info.plist */,
			);
			path = Support;
			sourceTree = "<group>";
		};
		6BF37EF821489CF1004CE233 /* ViewController */ = {
			isa = PBXGroup;
			children = (
				6BF37EF921489D7C004CE233 /* _01.swift */,
				6BF37EFD21489FBB004CE233 /* _02.swift */,
				6BF37EFF2148A0A5004CE233 /* _03.swift */,
				6BF37F012148A0AA004CE233 /* _04.swift */,
				6BF37F032148A0B5004CE233 /* _05.swift */,
				6BF37F052148A0BB004CE233 /* _06.swift */,
				6BF37F072148A0C2004CE233 /* _07.swift */,
				6BF37F092148A0CA004CE233 /* _08.swift */,
				6BF37F0B2148A0D9004CE233 /* _09.swift */,
				6BF37F0D2148A0E2004CE233 /* _10.swift */,
				6BF37F0F2148A0E7004CE233 /* _11.swift */,
				6BF37F112148A0ED004CE233 /* _12.swift */,
				6BF37F132148A0FA004CE233 /* _13.swift */,
				6BF37F152148A0FF004CE233 /* _14.swift */,
				6BF37F172148A104004CE233 /* _15.swift */,
				6BF37F192148A10B004CE233 /* _16.swift */,
			);
			path = ViewController;
			sourceTree = "<group>";
		};
/* End PBXGroup section */

/* Begin PBXNativeTarget section */
		6B89CCE621477E6E000A209D /* MapKit handling */ = {
			isa = PBXNativeTarget;
			buildConfigurationList = 6B89CCF921477E70000A209D /* Build configuration list for PBXNativeTarget "MapKit handling" */;
			buildPhases = (
				6B89CCE321477E6E000A209D /* Sources */,
				6B89CCE421477E6E000A209D /* Frameworks */,
				6B89CCE521477E6E000A209D /* Resources */,
			);
			buildRules = (
			);
			dependencies = (
			);
			name = "MapKit handling";
			productName = "MapKit handling";
			productReference = 6B89CCE721477E6E000A209D /* MapKit handling.app */;
			productType = "com.apple.product-type.application";
		};
/* End PBXNativeTarget section */

/* Begin PBXProject section */
		6B89CCDF21477E6E000A209D /* Project object */ = {
			isa = PBXProject;
			attributes = {
				LastSwiftUpdateCheck = 0940;
				LastUpgradeCheck = 0940;
				ORGANIZATIONNAME = calmone;
				TargetAttributes = {
					6B89CCE621477E6E000A209D = {
						CreatedOnToolsVersion = 9.4.1;
					};
				};
			};
			buildConfigurationList = 6B89CCE221477E6E000A209D /* Build configuration list for PBXProject "MapKit handling" */;
			compatibilityVersion = "Xcode 9.3";
			developmentRegion = en;
			hasScannedForEncodings = 0;
			knownRegions = (
				en,
				Base,
			);
			mainGroup = 6B89CCDE21477E6E000A209D;
			productRefGroup = 6B89CCE821477E6E000A209D /* Products */;
			projectDirPath = "";
			projectRoot = "";
			targets = (
				6B89CCE621477E6E000A209D /* MapKit handling */,
			);
		};
/* End PBXProject section */

/* Begin PBXResourcesBuildPhase section */
		6B89CCE521477E6E000A209D /* Resources */ = {
			isa = PBXResourcesBuildPhase;
			buildActionMask = 2147483647;
			files = (
				6B89CCF521477E70000A209D /* LaunchScreen.storyboard in Resources */,
				6B89CCF221477E70000A209D /* Assets.xcassets in Resources */,
				6B89CCF021477E6E000A209D /* Main.storyboard in Resources */,
			);
			runOnlyForDeploymentPostprocessing = 0;
		};
/* End PBXResourcesBuildPhase section */

/* Begin PBXSourcesBuildPhase section */
		6B89CCE321477E6E000A209D /* Sources */ = {
			isa = PBXSourcesBuildPhase;
			buildActionMask = 2147483647;
			files = (
				6BF37F0E2148A0E2004CE233 /* _10.swift in Sources */,
				6BF37F0C2148A0D9004CE233 /* _09.swift in Sources */,
				6BF37F162148A0FF004CE233 /* _14.swift in Sources */,
				6BF37EFC21489DC5004CE233 /* BaseViewController.swift in Sources */,
				6B89CCFD21477F0D000A209D /* MapKitList.swift in Sources */,
				6BF37F042148A0B5004CE233 /* _05.swift in Sources */,
				6BF37EFA21489D7C004CE233 /* _01.swift in Sources */,
				6BF37F122148A0ED004CE233 /* _12.swift in Sources */,
				6BF37EF621489C38004CE233 /* RootViewController.swift in Sources */,
				6BF37F002148A0A5004CE233 /* _03.swift in Sources */,
				6B89CCEB21477E6E000A209D /* AppDelegate.swift in Sources */,
				6BF37EFE21489FBB004CE233 /* _02.swift in Sources */,
				6BF37F142148A0FA004CE233 /* _13.swift in Sources */,
				6BF37F022148A0AA004CE233 /* _04.swift in Sources */,
				6BF37F1A2148A10B004CE233 /* _16.swift in Sources */,
				6BF37F062148A0BB004CE233 /* _06.swift in Sources */,
				6BF37F082148A0C2004CE233 /* _07.swift in Sources */,
				6BF37F182148A104004CE233 /* _15.swift in Sources */,
				6BF37F0A2148A0CA004CE233 /* _08.swift in Sources */,
				6BF37F102148A0E7004CE233 /* _11.swift in Sources */,
			);
			runOnlyForDeploymentPostprocessing = 0;
		};
/* End PBXSourcesBuildPhase section */

/* Begin PBXVariantGroup section */
		6B89CCEE21477E6E000A209D /* Main.storyboard */ = {
			isa = PBXVariantGroup;
			children = (
				6B89CCEF21477E6E000A209D /* Base */,
			);
			name = Main.storyboard;
			sourceTree = "<group>";
		};
		6B89CCF321477E70000A209D /* LaunchScreen.storyboard */ = {
			isa = PBXVariantGroup;
			children = (
				6B89CCF421477E70000A209D /* Base */,
			);
			name = LaunchScreen.storyboard;
			sourceTree = "<group>";
		};
/* End PBXVariantGroup section */

/* Begin XCBuildConfiguration section */
		6B89CCF721477E70000A209D /* Debug */ = {
			isa = XCBuildConfiguration;
			buildSettings = {
				ALWAYS_SEARCH_USER_PATHS = NO;
				CLANG_ANALYZER_NONNULL = YES;
				CLANG_ANALYZER_NUMBER_OBJECT_CONVERSION = YES_AGGRESSIVE;
				CLANG_CXX_LANGUAGE_STANDARD = "gnu++14";
				CLANG_CXX_LIBRARY = "libc++";
				CLANG_ENABLE_MODULES = YES;
				CLANG_ENABLE_OBJC_ARC = YES;
				CLANG_ENABLE_OBJC_WEAK = YES;
				CLANG_WARN_BLOCK_CAPTURE_AUTORELEASING = YES;
				CLANG_WARN_BOOL_CONVERSION = YES;
				CLANG_WARN_COMMA = YES;
				CLANG_WARN_CONSTANT_CONVERSION = YES;
				CLANG_WARN_DEPRECATED_OBJC_IMPLEMENTATIONS = YES;
				CLANG_WARN_DIRECT_OBJC_ISA_USAGE = YES_ERROR;
				CLANG_WARN_DOCUMENTATION_COMMENTS = YES;
				CLANG_WARN_EMPTY_BODY = YES;
				CLANG_WARN_ENUM_CONVERSION = YES;
				CLANG_WARN_INFINITE_RECURSION = YES;
				CLANG_WARN_INT_CONVERSION = YES;
				CLANG_WARN_NON_LITERAL_NULL_CONVERSION = YES;
				CLANG_WARN_OBJC_IMPLICIT_RETAIN_SELF = YES;
				CLANG_WARN_OBJC_LITERAL_CONVERSION = YES;
				CLANG_WARN_OBJC_ROOT_CLASS = YES_ERROR;
				CLANG_WARN_RANGE_LOOP_ANALYSIS = YES;
				CLANG_WARN_STRICT_PROTOTYPES = YES;
				CLANG_WARN_SUSPICIOUS_MOVE = YES;
				CLANG_WARN_UNGUARDED_AVAILABILITY = YES_AGGRESSIVE;
				CLANG_WARN_UNREACHABLE_CODE = YES;
				CLANG_WARN__DUPLICATE_METHOD_MATCH = YES;
				CODE_SIGN_IDENTITY = "iPhone Developer";
				COPY_PHASE_STRIP = NO;
				DEBUG_INFORMATION_FORMAT = dwarf;
				ENABLE_STRICT_OBJC_MSGSEND = YES;
				ENABLE_TESTABILITY = YES;
				GCC_C_LANGUAGE_STANDARD = gnu11;
				GCC_DYNAMIC_NO_PIC = NO;
				GCC_NO_COMMON_BLOCKS = YES;
				GCC_OPTIMIZATION_LEVEL = 0;
				GCC_PREPROCESSOR_DEFINITIONS = (
					"DEBUG=1",
					"$(inherited)",
				);
				GCC_WARN_64_TO_32_BIT_CONVERSION = YES;
				GCC_WARN_ABOUT_RETURN_TYPE = YES_ERROR;
				GCC_WARN_UNDECLARED_SELECTOR = YES;
				GCC_WARN_UNINITIALIZED_AUTOS = YES_AGGRESSIVE;
				GCC_WARN_UNUSED_FUNCTION = YES;
				GCC_WARN_UNUSED_VARIABLE = YES;
				IPHONEOS_DEPLOYMENT_TARGET = 11.4;
				MTL_ENABLE_DEBUG_INFO = YES;
				ONLY_ACTIVE_ARCH = YES;
				SDKROOT = iphoneos;
				SWIFT_ACTIVE_COMPILATION_CONDITIONS = DEBUG;
				SWIFT_OPTIMIZATION_LEVEL = "-Onone";
			};
			name = Debug;
		};
		6B89CCF821477E70000A209D /* Release */ = {
			isa = XCBuildConfiguration;
			buildSettings = {
				ALWAYS_SEARCH_USER_PATHS = NO;
				CLANG_ANALYZER_NONNULL = YES;
				CLANG_ANALYZER_NUMBER_OBJECT_CONVERSION = YES_AGGRESSIVE;
				CLANG_CXX_LANGUAGE_STANDARD = "gnu++14";
				CLANG_CXX_LIBRARY = "libc++";
				CLANG_ENABLE_MODULES = YES;
				CLANG_ENABLE_OBJC_ARC = YES;
				CLANG_ENABLE_OBJC_WEAK = YES;
				CLANG_WARN_BLOCK_CAPTURE_AUTORELEASING = YES;
				CLANG_WARN_BOOL_CONVERSION = YES;
				CLANG_WARN_COMMA = YES;
				CLANG_WARN_CONSTANT_CONVERSION = YES;
				CLANG_WARN_DEPRECATED_OBJC_IMPLEMENTATIONS = YES;
				CLANG_WARN_DIRECT_OBJC_ISA_USAGE = YES_ERROR;
				CLANG_WARN_DOCUMENTATION_COMMENTS = YES;
				CLANG_WARN_EMPTY_BODY = YES;
				CLANG_WARN_ENUM_CONVERSION = YES;
				CLANG_WARN_INFINITE_RECURSION = YES;
				CLANG_WARN_INT_CONVERSION = YES;
				CLANG_WARN_NON_LITERAL_NULL_CONVERSION = YES;
				CLANG_WARN_OBJC_IMPLICIT_RETAIN_SELF = YES;
				CLANG_WARN_OBJC_LITERAL_CONVERSION = YES;
				CLANG_WARN_OBJC_ROOT_CLASS = YES_ERROR;
				CLANG_WARN_RANGE_LOOP_ANALYSIS = YES;
				CLANG_WARN_STRICT_PROTOTYPES = YES;
				CLANG_WARN_SUSPICIOUS_MOVE = YES;
				CLANG_WARN_UNGUARDED_AVAILABILITY = YES_AGGRESSIVE;
				CLANG_WARN_UNREACHABLE_CODE = YES;
				CLANG_WARN__DUPLICATE_METHOD_MATCH = YES;
				CODE_SIGN_IDENTITY = "iPhone Developer";
				COPY_PHASE_STRIP = NO;
				DEBUG_INFORMATION_FORMAT = "dwarf-with-dsym";
				ENABLE_NS_ASSERTIONS = NO;
				ENABLE_STRICT_OBJC_MSGSEND = YES;
				GCC_C_LANGUAGE_STANDARD = gnu11;
				GCC_NO_COMMON_BLOCKS = YES;
				GCC_WARN_64_TO_32_BIT_CONVERSION = YES;
				GCC_WARN_ABOUT_RETURN_TYPE = YES_ERROR;
				GCC_WARN_UNDECLARED_SELECTOR = YES;
				GCC_WARN_UNINITIALIZED_AUTOS = YES_AGGRESSIVE;
				GCC_WARN_UNUSED_FUNCTION = YES;
				GCC_WARN_UNUSED_VARIABLE = YES;
				IPHONEOS_DEPLOYMENT_TARGET = 11.4;
				MTL_ENABLE_DEBUG_INFO = NO;
				SDKROOT = iphoneos;
				SWIFT_COMPILATION_MODE = wholemodule;
				SWIFT_OPTIMIZATION_LEVEL = "-O";
				VALIDATE_PRODUCT = YES;
			};
			name = Release;
		};
		6B89CCFA21477E70000A209D /* Debug */ = {
			isa = XCBuildConfiguration;
			buildSettings = {
				ASSETCATALOG_COMPILER_APPICON_NAME = AppIcon;
				CODE_SIGN_STYLE = Automatic;
				DEVELOPMENT_TEAM = 74C7J4KTMM;
				INFOPLIST_FILE = "$(SRCROOT)/MapKit handling/Support/Info.plist";
				IPHONEOS_DEPLOYMENT_TARGET = 10.0;
				LD_RUNPATH_SEARCH_PATHS = (
					"$(inherited)",
					"@executable_path/Frameworks",
				);
				PRODUCT_BUNDLE_IDENTIFIER = "com.calmone.MapKit-handling";
				PRODUCT_NAME = "$(TARGET_NAME)";
				SWIFT_VERSION = 4.0;
				TARGETED_DEVICE_FAMILY = "1,2";
			};
			name = Debug;
		};
		6B89CCFB21477E70000A209D /* Release */ = {
			isa = XCBuildConfiguration;
			buildSettings = {
				ASSETCATALOG_COMPILER_APPICON_NAME = AppIcon;
				CODE_SIGN_STYLE = Automatic;
				DEVELOPMENT_TEAM = 74C7J4KTMM;
				INFOPLIST_FILE = "$(SRCROOT)/MapKit handling/Support/Info.plist";
				IPHONEOS_DEPLOYMENT_TARGET = 10.0;
				LD_RUNPATH_SEARCH_PATHS = (
					"$(inherited)",
					"@executable_path/Frameworks",
				);
				PRODUCT_BUNDLE_IDENTIFIER = "com.calmone.MapKit-handling";
				PRODUCT_NAME = "$(TARGET_NAME)";
				SWIFT_VERSION = 4.0;
				TARGETED_DEVICE_FAMILY = "1,2";
			};
			name = Release;
		};
/* End XCBuildConfiguration section */

/* Begin XCConfigurationList section */
		6B89CCE221477E6E000A209D /* Build configuration list for PBXProject "MapKit handling" */ = {
			isa = XCConfigurationList;
			buildConfigurations = (
				6B89CCF721477E70000A209D /* Debug */,
				6B89CCF821477E70000A209D /* Release */,
			);
			defaultConfigurationIsVisible = 0;
			defaultConfigurationName = Release;
		};
		6B89CCF921477E70000A209D /* Build configuration list for PBXNativeTarget "MapKit handling" */ = {
			isa = XCConfigurationList;
			buildConfigurations = (
				6B89CCFA21477E70000A209D /* Debug */,
				6B89CCFB21477E70000A209D /* Release */,
			);
			defaultConfigurationIsVisible = 0;
			defaultConfigurationName = Release;
		};
/* End XCConfigurationList section */
	};
	rootObject = 6B89CCDF21477E6E000A209D /* Project object */;
}
